// !$*UTF8*$!
{
	archiveVersion = 1;
	classes = {
	};
	objectVersion = 56;
	objects = {

/* Begin PBXBuildFile section */
		D9E573EE2B86030D002A707E /* EmailValidator.docc in Sources */ = {isa = PBXBuildFile; fileRef = D9E573ED2B86030D002A707E /* EmailValidator.docc */; };
		D9E573F42B86030D002A707E /* EmailValidator.framework in Frameworks */ = {isa = PBXBuildFile; fileRef = D9E573E92B86030D002A707E /* EmailValidator.framework */; };
		D9E573F92B86030D002A707E /* EmailValidatorTests.swift in Sources */ = {isa = PBXBuildFile; fileRef = D9E573F82B86030D002A707E /* EmailValidatorTests.swift */; };
		D9E573FA2B86030D002A707E /* EmailValidator.h in Headers */ = {isa = PBXBuildFile; fileRef = D9E573EC2B86030D002A707E /* EmailValidator.h */; settings = {ATTRIBUTES = (Public, ); }; };
		D9E574042B860349002A707E /* Validator.swift in Sources */ = {isa = PBXBuildFile; fileRef = D9E574032B860349002A707E /* Validator.swift */; };
/* End PBXBuildFile section */

/* Begin PBXContainerItemProxy section */
		D9E573F52B86030D002A707E /* PBXContainerItemProxy */ = {
			isa = PBXContainerItemProxy;
			containerPortal = D9E573E02B86030D002A707E /* Project object */;
			proxyType = 1;
			remoteGlobalIDString = D9E573E82B86030D002A707E;
			remoteInfo = EmailValidator;
		};
/* End PBXContainerItemProxy section */

/* Begin PBXFileReference section */
		D9E573E92B86030D002A707E /* EmailValidator.framework */ = {isa = PBXFileReference; explicitFileType = wrapper.framework; includeInIndex = 0; path = EmailValidator.framework; sourceTree = BUILT_PRODUCTS_DIR; };
		D9E573EC2B86030D002A707E /* EmailValidator.h */ = {isa = PBXFileReference; lastKnownFileType = sourcecode.c.h; path = EmailValidator.h; sourceTree = "<group>"; };
		D9E573ED2B86030D002A707E /* EmailValidator.docc */ = {isa = PBXFileReference; lastKnownFileType = folder.documentationcatalog; path = EmailValidator.docc; sourceTree = "<group>"; };
		D9E573F32B86030D002A707E /* EmailValidatorTests.xctest */ = {isa = PBXFileReference; explicitFileType = wrapper.cfbundle; includeInIndex = 0; path = EmailValidatorTests.xctest; sourceTree = BUILT_PRODUCTS_DIR; };
		D9E573F82B86030D002A707E /* EmailValidatorTests.swift */ = {isa = PBXFileReference; lastKnownFileType = sourcecode.swift; path = EmailValidatorTests.swift; sourceTree = "<group>"; };
		D9E574032B860349002A707E /* Validator.swift */ = {isa = PBXFileReference; lastKnownFileType = sourcecode.swift; path = Validator.swift; sourceTree = "<group>"; };
/* End PBXFileReference section */

/* Begin PBXFrameworksBuildPhase section */
		D9E573E62B86030D002A707E /* Frameworks */ = {
			isa = PBXFrameworksBuildPhase;
			buildActionMask = 2147483647;
			files = (
			);
			runOnlyForDeploymentPostprocessing = 0;
		};
		D9E573F02B86030D002A707E /* Frameworks */ = {
			isa = PBXFrameworksBuildPhase;
			buildActionMask = 2147483647;
			files = (
				D9E573F42B86030D002A707E /* EmailValidator.framework in Frameworks */,
			);
			runOnlyForDeploymentPostprocessing = 0;
		};
/* End PBXFrameworksBuildPhase section */

/* Begin PBXGroup section */
		D9E573DF2B86030D002A707E = {
			isa = PBXGroup;
			children = (
				D9E573EB2B86030D002A707E /* EmailValidator */,
				D9E573F72B86030D002A707E /* EmailValidatorTests */,
				D9E573EA2B86030D002A707E /* Products */,
			);
			sourceTree = "<group>";
		};
		D9E573EA2B86030D002A707E /* Products */ = {
			isa = PBXGroup;
			children = (
				D9E573E92B86030D002A707E /* EmailValidator.framework */,
				D9E573F32B86030D002A707E /* EmailValidatorTests.xctest */,
			);
			name = Products;
			sourceTree = "<group>";
		};
		D9E573EB2B86030D002A707E /* EmailValidator */ = {
			isa = PBXGroup;
			children = (
				D9E573EC2B86030D002A707E /* EmailValidator.h */,
				D9E573ED2B86030D002A707E /* EmailValidator.docc */,
				D9E574032B860349002A707E /* Validator.swift */,
			);
			path = EmailValidator;
			sourceTree = "<group>";
		};
		D9E573F72B86030D002A707E /* EmailValidatorTests */ = {
			isa = PBXGroup;
			children = (
				D9E573F82B86030D002A707E /* EmailValidatorTests.swift */,
			);
			path = EmailValidatorTests;
			sourceTree = "<group>";
		};
/* End PBXGroup section */

/* Begin PBXHeadersBuildPhase section */
		D9E573E42B86030D002A707E /* Headers */ = {
			isa = PBXHeadersBuildPhase;
			buildActionMask = 2147483647;
			files = (
				D9E573FA2B86030D002A707E /* EmailValidator.h in Headers */,
			);
			runOnlyForDeploymentPostprocessing = 0;
		};
/* End PBXHeadersBuildPhase section */

/* Begin PBXNativeTarget section */
		D9E573E82B86030D002A707E /* EmailValidator */ = {
			isa = PBXNativeTarget;
			buildConfigurationList = D9E573FD2B86030D002A707E /* Build configuration list for PBXNativeTarget "EmailValidator" */;
			buildPhases = (
				D9E573E42B86030D002A707E /* Headers */,
				D9E573E52B86030D002A707E /* Sources */,
				D9E573E62B86030D002A707E /* Frameworks */,
				D9E573E72B86030D002A707E /* Resources */,
			);
			buildRules = (
			);
			dependencies = (
			);
			name = EmailValidator;
			productName = EmailValidator;
			productReference = D9E573E92B86030D002A707E /* EmailValidator.framework */;
			productType = "com.apple.product-type.framework";
		};
		D9E573F22B86030D002A707E /* EmailValidatorTests */ = {
			isa = PBXNativeTarget;
			buildConfigurationList = D9E574002B86030D002A707E /* Build configuration list for PBXNativeTarget "EmailValidatorTests" */;
			buildPhases = (
				D9E573EF2B86030D002A707E /* Sources */,
				D9E573F02B86030D002A707E /* Frameworks */,
				D9E573F12B86030D002A707E /* Resources */,
			);
			buildRules = (
			);
			dependencies = (
				D9E573F62B86030D002A707E /* PBXTargetDependency */,
			);
			name = EmailValidatorTests;
			productName = EmailValidatorTests;
			productReference = D9E573F32B86030D002A707E /* EmailValidatorTests.xctest */;
			productType = "com.apple.product-type.bundle.unit-test";
		};
/* End PBXNativeTarget section */

/* Begin PBXProject section */
		D9E573E02B86030D002A707E /* Project object */ = {
			isa = PBXProject;
			attributes = {
				BuildIndependentTargetsInParallel = 1;
				LastSwiftUpdateCheck = 1500;
				LastUpgradeCheck = 1500;
				TargetAttributes = {
					D9E573E82B86030D002A707E = {
						CreatedOnToolsVersion = 15.0.1;
					};
					D9E573F22B86030D002A707E = {
						CreatedOnToolsVersion = 15.0.1;
					};
				};
			};
			buildConfigurationList = D9E573E32B86030D002A707E /* Build configuration list for PBXProject "EmailValidator" */;
			compatibilityVersion = "Xcode 14.0";
			developmentRegion = en;
			hasScannedForEncodings = 0;
			knownRegions = (
				en,
				Base,
			);
			mainGroup = D9E573DF2B86030D002A707E;
			productRefGroup = D9E573EA2B86030D002A707E /* Products */;
			projectDirPath = "";
			projectRoot = "";
			targets = (
				D9E573E82B86030D002A707E /* EmailValidator */,
				D9E573F22B86030D002A707E /* EmailValidatorTests */,
			);
		};
/* End PBXProject section */

/* Begin PBXResourcesBuildPhase section */
		D9E573E72B86030D002A707E /* Resources */ = {
			isa = PBXResourcesBuildPhase;
			buildActionMask = 2147483647;
			files = (
			);
			runOnlyForDeploymentPostprocessing = 0;
		};
		D9E573F12B86030D002A707E /* Resources */ = {
			isa = PBXResourcesBuildPhase;
			buildActionMask = 2147483647;
			files = (
			);
			runOnlyForDeploymentPostprocessing = 0;
		};
/* End PBXResourcesBuildPhase section */

/* Begin PBXSourcesBuildPhase section */
		D9E573E52B86030D002A707E /* Sources */ = {
			isa = PBXSourcesBuildPhase;
			buildActionMask = 2147483647;
			files = (
				D9E574042B860349002A707E /* Validator.swift in Sources */,
				D9E573EE2B86030D002A707E /* EmailValidator.docc in Sources */,
			);
			runOnlyForDeploymentPostprocessing = 0;
		};
		D9E573EF2B86030D002A707E /* Sources */ = {
			isa = PBXSourcesBuildPhase;
			buildActionMask = 2147483647;
			files = (
				D9E573F92B86030D002A707E /* EmailValidatorTests.swift in Sources */,
			);
			runOnlyForDeploymentPostprocessing = 0;
		};
/* End PBXSourcesBuildPhase section */

/* Begin PBXTargetDependency section */
		D9E573F62B86030D002A707E /* PBXTargetDependency */ = {
			isa = PBXTargetDependency;
			target = D9E573E82B86030D002A707E /* EmailValidator */;
			targetProxy = D9E573F52B86030D002A707E /* PBXContainerItemProxy */;
		};
/* End PBXTargetDependency section */

/* Begin XCBuildConfiguration section */
		D9E573FB2B86030D002A707E /* Debug */ = {
			isa = XCBuildConfiguration;
			buildSettings = {
				ALWAYS_SEARCH_USER_PATHS = NO;
				ASSETCATALOG_COMPILER_GENERATE_SWIFT_ASSET_SYMBOL_EXTENSIONS = YES;
				CLANG_ANALYZER_NONNULL = YES;
				CLANG_ANALYZER_NUMBER_OBJECT_CONVERSION = YES_AGGRESSIVE;
				CLANG_CXX_LANGUAGE_STANDARD = "gnu++20";
				CLANG_ENABLE_MODULES = YES;
				CLANG_ENABLE_OBJC_ARC = YES;
				CLANG_ENABLE_OBJC_WEAK = YES;
				CLANG_WARN_BLOCK_CAPTURE_AUTORELEASING = YES;
				CLANG_WARN_BOOL_CONVERSION = YES;
				CLANG_WARN_COMMA = YES;
				CLANG_WARN_CONSTANT_CONVERSION = YES;
				CLANG_WARN_DEPRECATED_OBJC_IMPLEMENTATIONS = YES;
				CLANG_WARN_DIRECT_OBJC_ISA_USAGE = YES_ERROR;
				CLANG_WARN_DOCUMENTATION_COMMENTS = YES;
				CLANG_WARN_EMPTY_BODY = YES;
				CLANG_WARN_ENUM_CONVERSION = YES;
				CLANG_WARN_INFINITE_RECURSION = YES;
				CLANG_WARN_INT_CONVERSION = YES;
				CLANG_WARN_NON_LITERAL_NULL_CONVERSION = YES;
				CLANG_WARN_OBJC_IMPLICIT_RETAIN_SELF = YES;
				CLANG_WARN_OBJC_LITERAL_CONVERSION = YES;
				CLANG_WARN_OBJC_ROOT_CLASS = YES_ERROR;
				CLANG_WARN_QUOTED_INCLUDE_IN_FRAMEWORK_HEADER = YES;
				CLANG_WARN_RANGE_LOOP_ANALYSIS = YES;
				CLANG_WARN_STRICT_PROTOTYPES = YES;
				CLANG_WARN_SUSPICIOUS_MOVE = YES;
				CLANG_WARN_UNGUARDED_AVAILABILITY = YES_AGGRESSIVE;
				CLANG_WARN_UNREACHABLE_CODE = YES;
				CLANG_WARN__DUPLICATE_METHOD_MATCH = YES;
				COPY_PHASE_STRIP = NO;
				CURRENT_PROJECT_VERSION = 1;
				DEBUG_INFORMATION_FORMAT = dwarf;
				ENABLE_STRICT_OBJC_MSGSEND = YES;
				ENABLE_TESTABILITY = YES;
				ENABLE_USER_SCRIPT_SANDBOXING = YES;
				GCC_C_LANGUAGE_STANDARD = gnu17;
				GCC_DYNAMIC_NO_PIC = NO;
				GCC_NO_COMMON_BLOCKS = YES;
				GCC_OPTIMIZATION_LEVEL = 0;
				GCC_PREPROCESSOR_DEFINITIONS = (
					"DEBUG=1",
					"$(inherited)",
				);
				GCC_WARN_64_TO_32_BIT_CONVERSION = YES;
				GCC_WARN_ABOUT_RETURN_TYPE = YES_ERROR;
				GCC_WARN_UNDECLARED_SELECTOR = YES;
				GCC_WARN_UNINITIALIZED_AUTOS = YES_AGGRESSIVE;
				GCC_WARN_UNUSED_FUNCTION = YES;
				GCC_WARN_UNUSED_VARIABLE = YES;
				IPHONEOS_DEPLOYMENT_TARGET = 17.0;
				LOCALIZATION_PREFERS_STRING_CATALOGS = YES;
				MTL_ENABLE_DEBUG_INFO = INCLUDE_SOURCE;
				MTL_FAST_MATH = YES;
				ONLY_ACTIVE_ARCH = YES;
				SDKROOT = iphoneos;
				SWIFT_ACTIVE_COMPILATION_CONDITIONS = "DEBUG $(inherited)";
				SWIFT_OPTIMIZATION_LEVEL = "-Onone";
				VERSIONING_SYSTEM = "apple-generic";
				VERSION_INFO_PREFIX = "";
			};
			name = Debug;
		};
		D9E573FC2B86030D002A707E /* Release */ = {
			isa = XCBuildConfiguration;
			buildSettings = {
				ALWAYS_SEARCH_USER_PATHS = NO;
				ASSETCATALOG_COMPILER_GENERATE_SWIFT_ASSET_SYMBOL_EXTENSIONS = YES;
				CLANG_ANALYZER_NONNULL = YES;
				CLANG_ANALYZER_NUMBER_OBJECT_CONVERSION = YES_AGGRESSIVE;
				CLANG_CXX_LANGUAGE_STANDARD = "gnu++20";
				CLANG_ENABLE_MODULES = YES;
				CLANG_ENABLE_OBJC_ARC = YES;
				CLANG_ENABLE_OBJC_WEAK = YES;
				CLANG_WARN_BLOCK_CAPTURE_AUTORELEASING = YES;
				CLANG_WARN_BOOL_CONVERSION = YES;
				CLANG_WARN_COMMA = YES;
				CLANG_WARN_CONSTANT_CONVERSION = YES;
				CLANG_WARN_DEPRECATED_OBJC_IMPLEMENTATIONS = YES;
				CLANG_WARN_DIRECT_OBJC_ISA_USAGE = YES_ERROR;
				CLANG_WARN_DOCUMENTATION_COMMENTS = YES;
				CLANG_WARN_EMPTY_BODY = YES;
				CLANG_WARN_ENUM_CONVERSION = YES;
				CLANG_WARN_INFINITE_RECURSION = YES;
				CLANG_WARN_INT_CONVERSION = YES;
				CLANG_WARN_NON_LITERAL_NULL_CONVERSION = YES;
				CLANG_WARN_OBJC_IMPLICIT_RETAIN_SELF = YES;
				CLANG_WARN_OBJC_LITERAL_CONVERSION = YES;
				CLANG_WARN_OBJC_ROOT_CLASS = YES_ERROR;
				CLANG_WARN_QUOTED_INCLUDE_IN_FRAMEWORK_HEADER = YES;
				CLANG_WARN_RANGE_LOOP_ANALYSIS = YES;
				CLANG_WARN_STRICT_PROTOTYPES = YES;
				CLANG_WARN_SUSPICIOUS_MOVE = YES;
				CLANG_WARN_UNGUARDED_AVAILABILITY = YES_AGGRESSIVE;
				CLANG_WARN_UNREACHABLE_CODE = YES;
				CLANG_WARN__DUPLICATE_METHOD_MATCH = YES;
				COPY_PHASE_STRIP = NO;
				CURRENT_PROJECT_VERSION = 1;
				DEBUG_INFORMATION_FORMAT = "dwarf-with-dsym";
				ENABLE_NS_ASSERTIONS = NO;
				ENABLE_STRICT_OBJC_MSGSEND = YES;
				ENABLE_USER_SCRIPT_SANDBOXING = YES;
				GCC_C_LANGUAGE_STANDARD = gnu17;
				GCC_NO_COMMON_BLOCKS = YES;
				GCC_WARN_64_TO_32_BIT_CONVERSION = YES;
				GCC_WARN_ABOUT_RETURN_TYPE = YES_ERROR;
				GCC_WARN_UNDECLARED_SELECTOR = YES;
				GCC_WARN_UNINITIALIZED_AUTOS = YES_AGGRESSIVE;
				GCC_WARN_UNUSED_FUNCTION = YES;
				GCC_WARN_UNUSED_VARIABLE = YES;
				IPHONEOS_DEPLOYMENT_TARGET = 17.0;
				LOCALIZATION_PREFERS_STRING_CATALOGS = YES;
				MTL_ENABLE_DEBUG_INFO = NO;
				MTL_FAST_MATH = YES;
				SDKROOT = iphoneos;
				SWIFT_COMPILATION_MODE = wholemodule;
				VALIDATE_PRODUCT = YES;
				VERSIONING_SYSTEM = "apple-generic";
				VERSION_INFO_PREFIX = "";
			};
			name = Release;
		};
		D9E573FE2B86030D002A707E /* Debug */ = {
			isa = XCBuildConfiguration;
			buildSettings = {
				CODE_SIGN_STYLE = Automatic;
				CURRENT_PROJECT_VERSION = 1;
				DEFINES_MODULE = YES;
				DEVELOPMENT_TEAM = V479GRYT8P;
				DYLIB_COMPATIBILITY_VERSION = 1;
				DYLIB_CURRENT_VERSION = 1;
				DYLIB_INSTALL_NAME_BASE = "@rpath";
				ENABLE_MODULE_VERIFIER = YES;
				GENERATE_INFOPLIST_FILE = YES;
				INFOPLIST_KEY_NSHumanReadableCopyright = "";
				INSTALL_PATH = "$(LOCAL_LIBRARY_DIR)/Frameworks";
				LD_RUNPATH_SEARCH_PATHS = (
					"$(inherited)",
					"@executable_path/Frameworks",
					"@loader_path/Frameworks",
				);
				MARKETING_VERSION = 1.0;
				MODULE_VERIFIER_SUPPORTED_LANGUAGES = "objective-c objective-c++";
				MODULE_VERIFIER_SUPPORTED_LANGUAGE_STANDARDS = "gnu17 gnu++20";
				PRODUCT_BUNDLE_IDENTIFIER = ShareExtensionDemo.EmailValidator;
				PRODUCT_NAME = "$(TARGET_NAME:c99extidentifier)";
				SKIP_INSTALL = YES;
				SWIFT_EMIT_LOC_STRINGS = YES;
				SWIFT_VERSION = 5.0;
				TARGETED_DEVICE_FAMILY = "1,2";
			};
			name = Debug;
		};
		D9E573FF2B86030D002A707E /* Release */ = {
			isa = XCBuildConfiguration;
			buildSettings = {
				CODE_SIGN_STYLE = Automatic;
				CURRENT_PROJECT_VERSION = 1;
				DEFINES_MODULE = YES;
				DEVELOPMENT_TEAM = V479GRYT8P;
				DYLIB_COMPATIBILITY_VERSION = 1;
				DYLIB_CURRENT_VERSION = 1;
				DYLIB_INSTALL_NAME_BASE = "@rpath";
				ENABLE_MODULE_VERIFIER = YES;
				GENERATE_INFOPLIST_FILE = YES;
				INFOPLIST_KEY_NSHumanReadableCopyright = "";
				INSTALL_PATH = "$(LOCAL_LIBRARY_DIR)/Frameworks";
				LD_RUNPATH_SEARCH_PATHS = (
					"$(inherited)",
					"@executable_path/Frameworks",
					"@loader_path/Frameworks",
				);
				MARKETING_VERSION = 1.0;
				MODULE_VERIFIER_SUPPORTED_LANGUAGES = "objective-c objective-c++";
				MODULE_VERIFIER_SUPPORTED_LANGUAGE_STANDARDS = "gnu17 gnu++20";
				PRODUCT_BUNDLE_IDENTIFIER = ShareExtensionDemo.EmailValidator;
				PRODUCT_NAME = "$(TARGET_NAME:c99extidentifier)";
				SKIP_INSTALL = YES;
				SWIFT_EMIT_LOC_STRINGS = YES;
				SWIFT_VERSION = 5.0;
				TARGETED_DEVICE_FAMILY = "1,2";
			};
			name = Release;
		};
		D9E574012B86030D002A707E /* Debug */ = {
			isa = XCBuildConfiguration;
			buildSettings = {
				ALWAYS_EMBED_SWIFT_STANDARD_LIBRARIES = YES;
				CODE_SIGN_STYLE = Automatic;
				CURRENT_PROJECT_VERSION = 1;
				DEVELOPMENT_TEAM = V479GRYT8P;
				GENERATE_INFOPLIST_FILE = YES;
				MARKETING_VERSION = 1.0;
				PRODUCT_BUNDLE_IDENTIFIER = ShareExtensionDemo.EmailValidatorTests;
				PRODUCT_NAME = "$(TARGET_NAME)";
				SWIFT_EMIT_LOC_STRINGS = NO;
				SWIFT_VERSION = 5.0;
				TARGETED_DEVICE_FAMILY = "1,2";
			};
			name = Debug;
		};
		D9E574022B86030D002A707E /* Release */ = {
			isa = XCBuildConfiguration;
			buildSettings = {
				ALWAYS_EMBED_SWIFT_STANDARD_LIBRARIES = YES;
				CODE_SIGN_STYLE = Automatic;
				CURRENT_PROJECT_VERSION = 1;
				DEVELOPMENT_TEAM = V479GRYT8P;
				GENERATE_INFOPLIST_FILE = YES;
				MARKETING_VERSION = 1.0;
				PRODUCT_BUNDLE_IDENTIFIER = ShareExtensionDemo.EmailValidatorTests;
				PRODUCT_NAME = "$(TARGET_NAME)";
				SWIFT_EMIT_LOC_STRINGS = NO;
				SWIFT_VERSION = 5.0;
				TARGETED_DEVICE_FAMILY = "1,2";
			};
			name = Release;
		};
/* End XCBuildConfiguration section */

/* Begin XCConfigurationList section */
		D9E573E32B86030D002A707E /* Build configuration list for PBXProject "EmailValidator" */ = {
			isa = XCConfigurationList;
			buildConfigurations = (
				D9E573FB2B86030D002A707E /* Debug */,
				D9E573FC2B86030D002A707E /* Release */,
			);
			defaultConfigurationIsVisible = 0;
			defaultConfigurationName = Release;
		};
		D9E573FD2B86030D002A707E /* Build configuration list for PBXNativeTarget "EmailValidator" */ = {
			isa = XCConfigurationList;
			buildConfigurations = (
				D9E573FE2B86030D002A707E /* Debug */,
				D9E573FF2B86030D002A707E /* Release */,
			);
			defaultConfigurationIsVisible = 0;
			defaultConfigurationName = Release;
		};
		D9E574002B86030D002A707E /* Build configuration list for PBXNativeTarget "EmailValidatorTests" */ = {
			isa = XCConfigurationList;
			buildConfigurations = (
				D9E574012B86030D002A707E /* Debug */,
				D9E574022B86030D002A707E /* Release */,
			);
			defaultConfigurationIsVisible = 0;
			defaultConfigurationName = Release;
		};
/* End XCConfigurationList section */
	};
	rootObject = D9E573E02B86030D002A707E /* Project object */;
}
